
Microsoft Visual Studio Solution File, Format Version 12.00
# Visual Studio Version 16
VisualStudioVersion = 16.0.33927.289
MinimumVisualStudioVersion = 10.0.40219.1
Project("{FAE04EC0-301F-11D3-BF4B-00C04F79EFBC}") = "Tyuiu.MotorovaDD.Sprint7.V15.Lib", "Tyuiu.MotorovaDD.Sprint7.V15.Lib\Tyuiu.MotorovaDD.Sprint7.V15.Lib.csproj", "{42F0B059-281D-45F6-976F-93695EC6877B}"
EndProject
Project("{FAE04EC0-301F-11D3-BF4B-00C04F79EFBC}") = "Tyuiu.MotorovaDD.Sprint7.V15.Test", "Tyuiu.MotorovaDD.Sprint7.V15\Tyuiu.MotorovaDD.Sprint7.V15.Test.csproj", "{CFA5768C-8421-4473-BBA0-DF8A5CACB2F6}"
EndProject
Project("{FAE04EC0-301F-11D3-BF4B-00C04F79EFBC}") = "Tyuiu.MotorovaDD.Sprint7.V15", "Tyuiu.MotorovaDD.Sprint7.V15\Tyuiu.MotorovaDD.Sprint7.V15.csproj", "{5F0183CF-6FEA-44D4-9E70-548A70F1FED3}"
EndProject
Global
	GlobalSection(SolutionConfigurationPlatforms) = preSolution
		Debug|Any CPU = Debug|Any CPU
		Release|Any CPU = Release|Any CPU
	EndGlobalSection
	GlobalSection(ProjectConfigurationPlatforms) = postSolution
		{42F0B059-281D-45F6-976F-93695EC6877B}.Debug|Any CPU.ActiveCfg = Debug|Any CPU
		{42F0B059-281D-45F6-976F-93695EC6877B}.Debug|Any CPU.Build.0 = Debug|Any CPU
		{42F0B059-281D-45F6-976F-93695EC6877B}.Release|Any CPU.ActiveCfg = Release|Any CPU
		{42F0B059-281D-45F6-976F-93695EC6877B}.Release|Any CPU.Build.0 = Release|Any CPU
		{CFA5768C-8421-4473-BBA0-DF8A5CACB2F6}.Debug|Any CPU.ActiveCfg = Debug|Any CPU
		{CFA5768C-8421-4473-BBA0-DF8A5CACB2F6}.Debug|Any CPU.Build.0 = Debug|Any CPU
		{CFA5768C-8421-4473-BBA0-DF8A5CACB2F6}.Release|Any CPU.ActiveCfg = Release|Any CPU
		{CFA5768C-8421-4473-BBA0-DF8A5CACB2F6}.Release|Any CPU.Build.0 = Release|Any CPU
		{5F0183CF-6FEA-44D4-9E70-548A70F1FED3}.Debug|Any CPU.ActiveCfg = Debug|Any CPU
		{5F0183CF-6FEA-44D4-9E70-548A70F1FED3}.Debug|Any CPU.Build.0 = Debug|Any CPU
		{5F0183CF-6FEA-44D4-9E70-548A70F1FED3}.Release|Any CPU.ActiveCfg = Release|Any CPU
		{5F0183CF-6FEA-44D4-9E70-548A70F1FED3}.Release|Any CPU.Build.0 = Release|Any CPU
	EndGlobalSection
	GlobalSection(SolutionProperties) = preSolution
		HideSolutionNode = FALSE
	EndGlobalSection
	GlobalSection(ExtensibilityGlobals) = postSolution
		SolutionGuid = {663743A1-27E7-4F01-8BBD-C43A9F5768AA}
	EndGlobalSection
EndGlobal
